
Microsoft Visual Studio Solution File, Format Version 12.00
# Visual Studio 2017
Project("{FAE04EC0-301F-11D3-BF4B-00C04F79EFBC}") = "DrBibberVR.Plugins", "DrBibberVR.Plugins.csproj", "{7848BB8C-7A43-A180-D113-26A412287C73}"
EndProject
Project("{FAE04EC0-301F-11D3-BF4B-00C04F79EFBC}") = "DrBibberVR", "DrBibberVR.csproj", "{3DF068FE-5666-EABC-74B6-3F18B5E376EE}"
EndProject
Project("{FAE04EC0-301F-11D3-BF4B-00C04F79EFBC}") = "DrBibberVR.Editor", "DrBibberVR.Editor.csproj", "{2C228A13-2A7F-B3A9-F0C6-68478D7C05FF}"
EndProject
Global
	GlobalSection(SolutionConfigurationPlatforms) = preSolution
		Debug|Any CPU = Debug|Any CPU
		Release|Any CPU = Release|Any CPU
	EndGlobalSection
	GlobalSection(ProjectConfigurationPlatforms) = postSolution
		{7848BB8C-7A43-A180-D113-26A412287C73}.Debug|Any CPU.ActiveCfg = Debug|Any CPU
		{7848BB8C-7A43-A180-D113-26A412287C73}.Debug|Any CPU.Build.0 = Debug|Any CPU
		{7848BB8C-7A43-A180-D113-26A412287C73}.Release|Any CPU.ActiveCfg = Release|Any CPU
		{7848BB8C-7A43-A180-D113-26A412287C73}.Release|Any CPU.Build.0 = Release|Any CPU
		{3DF068FE-5666-EABC-74B6-3F18B5E376EE}.Debug|Any CPU.ActiveCfg = Debug|Any CPU
		{3DF068FE-5666-EABC-74B6-3F18B5E376EE}.Debug|Any CPU.Build.0 = Debug|Any CPU
		{3DF068FE-5666-EABC-74B6-3F18B5E376EE}.Release|Any CPU.ActiveCfg = Release|Any CPU
		{3DF068FE-5666-EABC-74B6-3F18B5E376EE}.Release|Any CPU.Build.0 = Release|Any CPU
		{2C228A13-2A7F-B3A9-F0C6-68478D7C05FF}.Debug|Any CPU.ActiveCfg = Debug|Any CPU
		{2C228A13-2A7F-B3A9-F0C6-68478D7C05FF}.Debug|Any CPU.Build.0 = Debug|Any CPU
		{2C228A13-2A7F-B3A9-F0C6-68478D7C05FF}.Release|Any CPU.ActiveCfg = Release|Any CPU
		{2C228A13-2A7F-B3A9-F0C6-68478D7C05FF}.Release|Any CPU.Build.0 = Release|Any CPU
	EndGlobalSection
	GlobalSection(SolutionProperties) = preSolution
		HideSolutionNode = FALSE
	EndGlobalSection
EndGlobal
